// !$*UTF8*$!
{
	archiveVersion = 1;
	classes = {
	};
	objectVersion = 55;
	objects = {

/* Begin PBXBuildFile section */
		042215002895990600242627 /* AppDelegate.swift in Sources */ = {isa = PBXBuildFile; fileRef = 042214FF2895990600242627 /* AppDelegate.swift */; };
		042215022895990600242627 /* SceneDelegate.swift in Sources */ = {isa = PBXBuildFile; fileRef = 042215012895990600242627 /* SceneDelegate.swift */; };
		042215042895990600242627 /* MainViewController.swift in Sources */ = {isa = PBXBuildFile; fileRef = 042215032895990600242627 /* MainViewController.swift */; };
		042215092895990800242627 /* Assets.xcassets in Resources */ = {isa = PBXBuildFile; fileRef = 042215082895990800242627 /* Assets.xcassets */; };
		0422150C2895990800242627 /* LaunchScreen.storyboard in Resources */ = {isa = PBXBuildFile; fileRef = 0422150A2895990800242627 /* LaunchScreen.storyboard */; };
		042215172895990800242627 /* ExamenZeusTests.swift in Sources */ = {isa = PBXBuildFile; fileRef = 042215162895990800242627 /* ExamenZeusTests.swift */; };
		042215212895990800242627 /* ExamenZeusUITests.swift in Sources */ = {isa = PBXBuildFile; fileRef = 042215202895990800242627 /* ExamenZeusUITests.swift */; };
		042215232895990800242627 /* ExamenZeusUITestsLaunchTests.swift in Sources */ = {isa = PBXBuildFile; fileRef = 042215222895990800242627 /* ExamenZeusUITestsLaunchTests.swift */; };
		042215722895BED400242627 /* CustomTableViewCell.swift in Sources */ = {isa = PBXBuildFile; fileRef = 042215712895BED400242627 /* CustomTableViewCell.swift */; };
		042215792895C72400242627 /* TypeCell.swift in Sources */ = {isa = PBXBuildFile; fileRef = 042215782895C72400242627 /* TypeCell.swift */; };
		0422157C2895D81500242627 /* MainViewModel.swift in Sources */ = {isa = PBXBuildFile; fileRef = 0422157B2895D81500242627 /* MainViewModel.swift */; };
		0422157F2895D8BF00242627 /* MainViewModelDelegate.swift in Sources */ = {isa = PBXBuildFile; fileRef = 0422157E2895D8BF00242627 /* MainViewModelDelegate.swift */; };
		042215812895E94400242627 /* Constants.swift in Sources */ = {isa = PBXBuildFile; fileRef = 042215802895E94400242627 /* Constants.swift */; };
		042215842895F43200242627 /* Regex.swift in Sources */ = {isa = PBXBuildFile; fileRef = 042215832895F43200242627 /* Regex.swift */; };
		04221586289603B600242627 /* ViewController+ShowAlert.swift in Sources */ = {isa = PBXBuildFile; fileRef = 04221585289603B600242627 /* ViewController+ShowAlert.swift */; };
		042215892896136E00242627 /* NetworkService.swift in Sources */ = {isa = PBXBuildFile; fileRef = 042215882896136E00242627 /* NetworkService.swift */; };
		0422158B289613A600242627 /* NetworkTaskManager.swift in Sources */ = {isa = PBXBuildFile; fileRef = 0422158A289613A600242627 /* NetworkTaskManager.swift */; };
		0422158D289613C900242627 /* Endpoint.swift in Sources */ = {isa = PBXBuildFile; fileRef = 0422158C289613C900242627 /* Endpoint.swift */; };
		0422158F2896141500242627 /* Result.swift in Sources */ = {isa = PBXBuildFile; fileRef = 0422158E2896141500242627 /* Result.swift */; };
		04221592289614C000242627 /* ReportService.swift in Sources */ = {isa = PBXBuildFile; fileRef = 04221591289614C000242627 /* ReportService.swift */; };
		042215942896152F00242627 /* ReportServiceDelegate.swift in Sources */ = {isa = PBXBuildFile; fileRef = 042215932896152F00242627 /* ReportServiceDelegate.swift */; };
		042215962896154600242627 /* Report.swift in Sources */ = {isa = PBXBuildFile; fileRef = 042215952896154600242627 /* Report.swift */; };
		04221598289615CA00242627 /* ResultReport.swift in Sources */ = {isa = PBXBuildFile; fileRef = 04221597289615CA00242627 /* ResultReport.swift */; };
		0422159A2896160D00242627 /* Company.swift in Sources */ = {isa = PBXBuildFile; fileRef = 042215992896160D00242627 /* Company.swift */; };
		0422159D2896175900242627 /* ReportEndpoint.swift in Sources */ = {isa = PBXBuildFile; fileRef = 0422159C2896175900242627 /* ReportEndpoint.swift */; };
		0422159F28961F9200242627 /* SupervisionViewController.swift in Sources */ = {isa = PBXBuildFile; fileRef = 0422159E28961F9200242627 /* SupervisionViewController.swift */; };
		046B44BE2896455D00086270 /* SupervisionTableViewCell.swift in Sources */ = {isa = PBXBuildFile; fileRef = 046B44BD2896455D00086270 /* SupervisionTableViewCell.swift */; };
		046B44CA2896522D00086270 /* SupervisionViewModel.swift in Sources */ = {isa = PBXBuildFile; fileRef = 046B44C92896522D00086270 /* SupervisionViewModel.swift */; };
		046B44CC2896560800086270 /* SupervisionViewModelDelegate.swift in Sources */ = {isa = PBXBuildFile; fileRef = 046B44CB2896560800086270 /* SupervisionViewModelDelegate.swift */; };
		046B44D02897088B00086270 /* GoogleService-Info.plist in Resources */ = {isa = PBXBuildFile; fileRef = 046B44CF2897088B00086270 /* GoogleService-Info.plist */; };
		046B44D328970A8800086270 /* FirebaseAnalytics in Frameworks */ = {isa = PBXBuildFile; productRef = 046B44D228970A8800086270 /* FirebaseAnalytics */; };
		046B44D528970A8800086270 /* FirebaseCrashlytics in Frameworks */ = {isa = PBXBuildFile; productRef = 046B44D428970A8800086270 /* FirebaseCrashlytics */; };
		046B44D728970A8800086270 /* FirebaseDatabase in Frameworks */ = {isa = PBXBuildFile; productRef = 046B44D628970A8800086270 /* FirebaseDatabase */; };
		046B44D928970A8800086270 /* FirebaseFirestore in Frameworks */ = {isa = PBXBuildFile; productRef = 046B44D828970A8800086270 /* FirebaseFirestore */; };
		046B44DB28970A8800086270 /* FirebaseStorage in Frameworks */ = {isa = PBXBuildFile; productRef = 046B44DA28970A8800086270 /* FirebaseStorage */; };
		046B44DD28971A5200086270 /* Screen.swift in Sources */ = {isa = PBXBuildFile; fileRef = 046B44DC28971A5200086270 /* Screen.swift */; };
		3F61437DEDDAE3410F6A986E /* Pods_ExamenZeus.framework in Frameworks */ = {isa = PBXBuildFile; fileRef = 4998F2E9C5F54F72E59EC9C5 /* Pods_ExamenZeus.framework */; };
/* End PBXBuildFile section */

/* Begin PBXContainerItemProxy section */
		042215132895990800242627 /* PBXContainerItemProxy */ = {
			isa = PBXContainerItemProxy;
			containerPortal = 042214F42895990600242627 /* Project object */;
			proxyType = 1;
			remoteGlobalIDString = 042214FB2895990600242627;
			remoteInfo = ExamenZeus;
		};
		0422151D2895990800242627 /* PBXContainerItemProxy */ = {
			isa = PBXContainerItemProxy;
			containerPortal = 042214F42895990600242627 /* Project object */;
			proxyType = 1;
			remoteGlobalIDString = 042214FB2895990600242627;
			remoteInfo = ExamenZeus;
		};
/* End PBXContainerItemProxy section */

/* Begin PBXFileReference section */
		042214FC2895990600242627 /* ExamenZeus.app */ = {isa = PBXFileReference; explicitFileType = wrapper.application; includeInIndex = 0; path = ExamenZeus.app; sourceTree = BUILT_PRODUCTS_DIR; };
		042214FF2895990600242627 /* AppDelegate.swift */ = {isa = PBXFileReference; lastKnownFileType = sourcecode.swift; path = AppDelegate.swift; sourceTree = "<group>"; };
		042215012895990600242627 /* SceneDelegate.swift */ = {isa = PBXFileReference; lastKnownFileType = sourcecode.swift; path = SceneDelegate.swift; sourceTree = "<group>"; };
		042215032895990600242627 /* MainViewController.swift */ = {isa = PBXFileReference; lastKnownFileType = sourcecode.swift; path = MainViewController.swift; sourceTree = "<group>"; };
		042215082895990800242627 /* Assets.xcassets */ = {isa = PBXFileReference; lastKnownFileType = folder.assetcatalog; path = Assets.xcassets; sourceTree = "<group>"; };
		0422150B2895990800242627 /* Base */ = {isa = PBXFileReference; lastKnownFileType = file.storyboard; name = Base; path = Base.lproj/LaunchScreen.storyboard; sourceTree = "<group>"; };
		0422150D2895990800242627 /* Info.plist */ = {isa = PBXFileReference; lastKnownFileType = text.plist.xml; path = Info.plist; sourceTree = "<group>"; };
		042215122895990800242627 /* ExamenZeusTests.xctest */ = {isa = PBXFileReference; explicitFileType = wrapper.cfbundle; includeInIndex = 0; path = ExamenZeusTests.xctest; sourceTree = BUILT_PRODUCTS_DIR; };
		042215162895990800242627 /* ExamenZeusTests.swift */ = {isa = PBXFileReference; lastKnownFileType = sourcecode.swift; path = ExamenZeusTests.swift; sourceTree = "<group>"; };
		0422151C2895990800242627 /* ExamenZeusUITests.xctest */ = {isa = PBXFileReference; explicitFileType = wrapper.cfbundle; includeInIndex = 0; path = ExamenZeusUITests.xctest; sourceTree = BUILT_PRODUCTS_DIR; };
		042215202895990800242627 /* ExamenZeusUITests.swift */ = {isa = PBXFileReference; lastKnownFileType = sourcecode.swift; path = ExamenZeusUITests.swift; sourceTree = "<group>"; };
		042215222895990800242627 /* ExamenZeusUITestsLaunchTests.swift */ = {isa = PBXFileReference; lastKnownFileType = sourcecode.swift; path = ExamenZeusUITestsLaunchTests.swift; sourceTree = "<group>"; };
		042215712895BED400242627 /* CustomTableViewCell.swift */ = {isa = PBXFileReference; lastKnownFileType = sourcecode.swift; path = CustomTableViewCell.swift; sourceTree = "<group>"; };
		042215782895C72400242627 /* TypeCell.swift */ = {isa = PBXFileReference; lastKnownFileType = sourcecode.swift; path = TypeCell.swift; sourceTree = "<group>"; };
		0422157B2895D81500242627 /* MainViewModel.swift */ = {isa = PBXFileReference; lastKnownFileType = sourcecode.swift; path = MainViewModel.swift; sourceTree = "<group>"; };
		0422157E2895D8BF00242627 /* MainViewModelDelegate.swift */ = {isa = PBXFileReference; lastKnownFileType = sourcecode.swift; path = MainViewModelDelegate.swift; sourceTree = "<group>"; };
		042215802895E94400242627 /* Constants.swift */ = {isa = PBXFileReference; lastKnownFileType = sourcecode.swift; path = Constants.swift; sourceTree = "<group>"; };
		042215832895F43200242627 /* Regex.swift */ = {isa = PBXFileReference; lastKnownFileType = sourcecode.swift; path = Regex.swift; sourceTree = "<group>"; };
		04221585289603B600242627 /* ViewController+ShowAlert.swift */ = {isa = PBXFileReference; lastKnownFileType = sourcecode.swift; path = "ViewController+ShowAlert.swift"; sourceTree = "<group>"; };
		042215882896136E00242627 /* NetworkService.swift */ = {isa = PBXFileReference; lastKnownFileType = sourcecode.swift; path = NetworkService.swift; sourceTree = "<group>"; };
		0422158A289613A600242627 /* NetworkTaskManager.swift */ = {isa = PBXFileReference; lastKnownFileType = sourcecode.swift; path = NetworkTaskManager.swift; sourceTree = "<group>"; };
		0422158C289613C900242627 /* Endpoint.swift */ = {isa = PBXFileReference; lastKnownFileType = sourcecode.swift; path = Endpoint.swift; sourceTree = "<group>"; };
		0422158E2896141500242627 /* Result.swift */ = {isa = PBXFileReference; lastKnownFileType = sourcecode.swift; path = Result.swift; sourceTree = "<group>"; };
		04221591289614C000242627 /* ReportService.swift */ = {isa = PBXFileReference; lastKnownFileType = sourcecode.swift; path = ReportService.swift; sourceTree = "<group>"; };
		042215932896152F00242627 /* ReportServiceDelegate.swift */ = {isa = PBXFileReference; lastKnownFileType = sourcecode.swift; path = ReportServiceDelegate.swift; sourceTree = "<group>"; };
		042215952896154600242627 /* Report.swift */ = {isa = PBXFileReference; lastKnownFileType = sourcecode.swift; path = Report.swift; sourceTree = "<group>"; };
		04221597289615CA00242627 /* ResultReport.swift */ = {isa = PBXFileReference; lastKnownFileType = sourcecode.swift; path = ResultReport.swift; sourceTree = "<group>"; };
		042215992896160D00242627 /* Company.swift */ = {isa = PBXFileReference; lastKnownFileType = sourcecode.swift; path = Company.swift; sourceTree = "<group>"; };
		0422159C2896175900242627 /* ReportEndpoint.swift */ = {isa = PBXFileReference; lastKnownFileType = sourcecode.swift; path = ReportEndpoint.swift; sourceTree = "<group>"; };
		0422159E28961F9200242627 /* SupervisionViewController.swift */ = {isa = PBXFileReference; lastKnownFileType = sourcecode.swift; path = SupervisionViewController.swift; sourceTree = "<group>"; };
		046B44BD2896455D00086270 /* SupervisionTableViewCell.swift */ = {isa = PBXFileReference; lastKnownFileType = sourcecode.swift; path = SupervisionTableViewCell.swift; sourceTree = "<group>"; };
		046B44C32896499000086270 /* iCimulator.framework */ = {isa = PBXFileReference; explicitFileType = wrapper.framework; path = iCimulator.framework; sourceTree = BUILT_PRODUCTS_DIR; };
		046B44C92896522D00086270 /* SupervisionViewModel.swift */ = {isa = PBXFileReference; lastKnownFileType = sourcecode.swift; path = SupervisionViewModel.swift; sourceTree = "<group>"; };
		046B44CB2896560800086270 /* SupervisionViewModelDelegate.swift */ = {isa = PBXFileReference; lastKnownFileType = sourcecode.swift; path = SupervisionViewModelDelegate.swift; sourceTree = "<group>"; };
		046B44CF2897088B00086270 /* GoogleService-Info.plist */ = {isa = PBXFileReference; fileEncoding = 4; lastKnownFileType = text.plist.xml; name = "GoogleService-Info.plist"; path = "../../../../Downloads/GoogleService-Info.plist"; sourceTree = "<group>"; };
		046B44DC28971A5200086270 /* Screen.swift */ = {isa = PBXFileReference; lastKnownFileType = sourcecode.swift; path = Screen.swift; sourceTree = "<group>"; };
		11E4657F7307C2B2B0CAE115 /* Pods-ExamenZeus.release.xcconfig */ = {isa = PBXFileReference; includeInIndex = 1; lastKnownFileType = text.xcconfig; name = "Pods-ExamenZeus.release.xcconfig"; path = "Target Support Files/Pods-ExamenZeus/Pods-ExamenZeus.release.xcconfig"; sourceTree = "<group>"; };
		14BBF601074CBC77A2D48AE9 /* Pods-ExamenZeus.debug.xcconfig */ = {isa = PBXFileReference; includeInIndex = 1; lastKnownFileType = text.xcconfig; name = "Pods-ExamenZeus.debug.xcconfig"; path = "Target Support Files/Pods-ExamenZeus/Pods-ExamenZeus.debug.xcconfig"; sourceTree = "<group>"; };
		4998F2E9C5F54F72E59EC9C5 /* Pods_ExamenZeus.framework */ = {isa = PBXFileReference; explicitFileType = wrapper.framework; includeInIndex = 0; path = Pods_ExamenZeus.framework; sourceTree = BUILT_PRODUCTS_DIR; };
/* End PBXFileReference section */

/* Begin PBXFrameworksBuildPhase section */
		042214F92895990600242627 /* Frameworks */ = {
			isa = PBXFrameworksBuildPhase;
			buildActionMask = 2147483647;
			files = (
				046B44D528970A8800086270 /* FirebaseCrashlytics in Frameworks */,
				046B44D328970A8800086270 /* FirebaseAnalytics in Frameworks */,
				046B44D728970A8800086270 /* FirebaseDatabase in Frameworks */,
				046B44D928970A8800086270 /* FirebaseFirestore in Frameworks */,
				3F61437DEDDAE3410F6A986E /* Pods_ExamenZeus.framework in Frameworks */,
				046B44DB28970A8800086270 /* FirebaseStorage in Frameworks */,
			);
			runOnlyForDeploymentPostprocessing = 0;
		};
		0422150F2895990800242627 /* Frameworks */ = {
			isa = PBXFrameworksBuildPhase;
			buildActionMask = 2147483647;
			files = (
			);
			runOnlyForDeploymentPostprocessing = 0;
		};
		042215192895990800242627 /* Frameworks */ = {
			isa = PBXFrameworksBuildPhase;
			buildActionMask = 2147483647;
			files = (
			);
			runOnlyForDeploymentPostprocessing = 0;
		};
/* End PBXFrameworksBuildPhase section */

/* Begin PBXGroup section */
		042214F32895990600242627 = {
			isa = PBXGroup;
			children = (
				042214FE2895990600242627 /* ExamenZeus */,
				042215152895990800242627 /* ExamenZeusTests */,
				0422151F2895990800242627 /* ExamenZeusUITests */,
				042214FD2895990600242627 /* Products */,
				1CA2011117BCFBE488B5EDC2 /* Pods */,
				515D408D2EA89174A613E3D3 /* Frameworks */,
			);
			sourceTree = "<group>";
		};
		042214FD2895990600242627 /* Products */ = {
			isa = PBXGroup;
			children = (
				042214FC2895990600242627 /* ExamenZeus.app */,
				042215122895990800242627 /* ExamenZeusTests.xctest */,
				0422151C2895990800242627 /* ExamenZeusUITests.xctest */,
			);
			name = Products;
			sourceTree = "<group>";
		};
		042214FE2895990600242627 /* ExamenZeus */ = {
			isa = PBXGroup;
			children = (
				042215872896135500242627 /* NetWorking */,
				042215822895F3F300242627 /* Extensions */,
				0422157D2895D89100242627 /* Protocols */,
				0422153228959C9600242627 /* Communs */,
				0422153128959C8700242627 /* ViewModel */,
				0422153028959C7D00242627 /* Model */,
				0422152F28959C7500242627 /* View */,
				042215082895990800242627 /* Assets.xcassets */,
				0422150A2895990800242627 /* LaunchScreen.storyboard */,
				0422150D2895990800242627 /* Info.plist */,
				046B44CF2897088B00086270 /* GoogleService-Info.plist */,
			);
			path = ExamenZeus;
			sourceTree = "<group>";
		};
		042215152895990800242627 /* ExamenZeusTests */ = {
			isa = PBXGroup;
			children = (
				042215162895990800242627 /* ExamenZeusTests.swift */,
			);
			path = ExamenZeusTests;
			sourceTree = "<group>";
		};
		0422151F2895990800242627 /* ExamenZeusUITests */ = {
			isa = PBXGroup;
			children = (
				042215202895990800242627 /* ExamenZeusUITests.swift */,
				042215222895990800242627 /* ExamenZeusUITestsLaunchTests.swift */,
			);
			path = ExamenZeusUITests;
			sourceTree = "<group>";
		};
		0422152F28959C7500242627 /* View */ = {
			isa = PBXGroup;
			children = (
				042215772895C70D00242627 /* Enums */,
				042215742895C29800242627 /* ViewControllers */,
				042215732895C29000242627 /* cells */,
			);
			path = View;
			sourceTree = "<group>";
		};
		0422153028959C7D00242627 /* Model */ = {
			isa = PBXGroup;
			children = (
				042215952896154600242627 /* Report.swift */,
				04221597289615CA00242627 /* ResultReport.swift */,
				042215992896160D00242627 /* Company.swift */,
				046B44DC28971A5200086270 /* Screen.swift */,
			);
			path = Model;
			sourceTree = "<group>";
		};
		0422153128959C8700242627 /* ViewModel */ = {
			isa = PBXGroup;
			children = (
				042215902896148000242627 /* Service */,
				0422157B2895D81500242627 /* MainViewModel.swift */,
				046B44C92896522D00086270 /* SupervisionViewModel.swift */,
			);
			path = ViewModel;
			sourceTree = "<group>";
		};
		0422153228959C9600242627 /* Communs */ = {
			isa = PBXGroup;
			children = (
				042215012895990600242627 /* SceneDelegate.swift */,
				042214FF2895990600242627 /* AppDelegate.swift */,
				042215802895E94400242627 /* Constants.swift */,
			);
			path = Communs;
			sourceTree = "<group>";
		};
		042215732895C29000242627 /* cells */ = {
			isa = PBXGroup;
			children = (
				042215712895BED400242627 /* CustomTableViewCell.swift */,
				046B44BD2896455D00086270 /* SupervisionTableViewCell.swift */,
			);
			path = cells;
			sourceTree = "<group>";
		};
		042215742895C29800242627 /* ViewControllers */ = {
			isa = PBXGroup;
			children = (
				042215032895990600242627 /* MainViewController.swift */,
				0422159E28961F9200242627 /* SupervisionViewController.swift */,
			);
			path = ViewControllers;
			sourceTree = "<group>";
		};
		042215772895C70D00242627 /* Enums */ = {
			isa = PBXGroup;
			children = (
				042215782895C72400242627 /* TypeCell.swift */,
			);
			path = Enums;
			sourceTree = "<group>";
		};
		0422157D2895D89100242627 /* Protocols */ = {
			isa = PBXGroup;
			children = (
				0422157E2895D8BF00242627 /* MainViewModelDelegate.swift */,
				042215932896152F00242627 /* ReportServiceDelegate.swift */,
				046B44CB2896560800086270 /* SupervisionViewModelDelegate.swift */,
			);
			path = Protocols;
			sourceTree = "<group>";
		};
		042215822895F3F300242627 /* Extensions */ = {
			isa = PBXGroup;
			children = (
				042215832895F43200242627 /* Regex.swift */,
				04221585289603B600242627 /* ViewController+ShowAlert.swift */,
			);
			path = Extensions;
			sourceTree = "<group>";
		};
		042215872896135500242627 /* NetWorking */ = {
			isa = PBXGroup;
			children = (
				042215882896136E00242627 /* NetworkService.swift */,
				0422158A289613A600242627 /* NetworkTaskManager.swift */,
				0422158C289613C900242627 /* Endpoint.swift */,
				0422158E2896141500242627 /* Result.swift */,
			);
			path = NetWorking;
			sourceTree = "<group>";
		};
		042215902896148000242627 /* Service */ = {
			isa = PBXGroup;
			children = (
				0422159B2896174800242627 /* Endpoints */,
				04221591289614C000242627 /* ReportService.swift */,
			);
			path = Service;
			sourceTree = "<group>";
		};
		0422159B2896174800242627 /* Endpoints */ = {
			isa = PBXGroup;
			children = (
				0422159C2896175900242627 /* ReportEndpoint.swift */,
			);
			path = Endpoints;
			sourceTree = "<group>";
		};
		1CA2011117BCFBE488B5EDC2 /* Pods */ = {
			isa = PBXGroup;
			children = (
				14BBF601074CBC77A2D48AE9 /* Pods-ExamenZeus.debug.xcconfig */,
				11E4657F7307C2B2B0CAE115 /* Pods-ExamenZeus.release.xcconfig */,
			);
			path = Pods;
			sourceTree = "<group>";
		};
		515D408D2EA89174A613E3D3 /* Frameworks */ = {
			isa = PBXGroup;
			children = (
				046B44C32896499000086270 /* iCimulator.framework */,
				4998F2E9C5F54F72E59EC9C5 /* Pods_ExamenZeus.framework */,
			);
			name = Frameworks;
			sourceTree = "<group>";
		};
/* End PBXGroup section */

/* Begin PBXNativeTarget section */
		042214FB2895990600242627 /* ExamenZeus */ = {
			isa = PBXNativeTarget;
			buildConfigurationList = 042215262895990800242627 /* Build configuration list for PBXNativeTarget "ExamenZeus" */;
			buildPhases = (
				17DC5456C0A28FEFC119619B /* [CP] Check Pods Manifest.lock */,
				042214F82895990600242627 /* Sources */,
				042214F92895990600242627 /* Frameworks */,
				042214FA2895990600242627 /* Resources */,
				DBBAA88D1DF05F0875F622CE /* [CP] Embed Pods Frameworks */,
			);
			buildRules = (
			);
			dependencies = (
			);
			name = ExamenZeus;
			packageProductDependencies = (
				046B44D228970A8800086270 /* FirebaseAnalytics */,
				046B44D428970A8800086270 /* FirebaseCrashlytics */,
				046B44D628970A8800086270 /* FirebaseDatabase */,
				046B44D828970A8800086270 /* FirebaseFirestore */,
				046B44DA28970A8800086270 /* FirebaseStorage */,
			);
			productName = ExamenZeus;
			productReference = 042214FC2895990600242627 /* ExamenZeus.app */;
			productType = "com.apple.product-type.application";
		};
		042215112895990800242627 /* ExamenZeusTests */ = {
			isa = PBXNativeTarget;
			buildConfigurationList = 042215292895990800242627 /* Build configuration list for PBXNativeTarget "ExamenZeusTests" */;
			buildPhases = (
				0422150E2895990800242627 /* Sources */,
				0422150F2895990800242627 /* Frameworks */,
				042215102895990800242627 /* Resources */,
			);
			buildRules = (
			);
			dependencies = (
				042215142895990800242627 /* PBXTargetDependency */,
			);
			name = ExamenZeusTests;
			productName = ExamenZeusTests;
			productReference = 042215122895990800242627 /* ExamenZeusTests.xctest */;
			productType = "com.apple.product-type.bundle.unit-test";
		};
		0422151B2895990800242627 /* ExamenZeusUITests */ = {
			isa = PBXNativeTarget;
			buildConfigurationList = 0422152C2895990800242627 /* Build configuration list for PBXNativeTarget "ExamenZeusUITests" */;
			buildPhases = (
				042215182895990800242627 /* Sources */,
				042215192895990800242627 /* Frameworks */,
				0422151A2895990800242627 /* Resources */,
			);
			buildRules = (
			);
			dependencies = (
				0422151E2895990800242627 /* PBXTargetDependency */,
			);
			name = ExamenZeusUITests;
			productName = ExamenZeusUITests;
			productReference = 0422151C2895990800242627 /* ExamenZeusUITests.xctest */;
			productType = "com.apple.product-type.bundle.ui-testing";
		};
/* End PBXNativeTarget section */

/* Begin PBXProject section */
		042214F42895990600242627 /* Project object */ = {
			isa = PBXProject;
			attributes = {
				BuildIndependentTargetsInParallel = 1;
				LastSwiftUpdateCheck = 1340;
				LastUpgradeCheck = 1340;
				TargetAttributes = {
					042214FB2895990600242627 = {
						CreatedOnToolsVersion = 13.4.1;
					};
					042215112895990800242627 = {
						CreatedOnToolsVersion = 13.4.1;
						TestTargetID = 042214FB2895990600242627;
					};
					0422151B2895990800242627 = {
						CreatedOnToolsVersion = 13.4.1;
						TestTargetID = 042214FB2895990600242627;
					};
				};
			};
			buildConfigurationList = 042214F72895990600242627 /* Build configuration list for PBXProject "ExamenZeus" */;
			compatibilityVersion = "Xcode 13.0";
			developmentRegion = en;
			hasScannedForEncodings = 0;
			knownRegions = (
				en,
				Base,
			);
			mainGroup = 042214F32895990600242627;
			packageReferences = (
				046B44D128970A8800086270 /* XCRemoteSwiftPackageReference "firebase-ios-sdk" */,
			);
			productRefGroup = 042214FD2895990600242627 /* Products */;
			projectDirPath = "";
			projectRoot = "";
			targets = (
				042214FB2895990600242627 /* ExamenZeus */,
				042215112895990800242627 /* ExamenZeusTests */,
				0422151B2895990800242627 /* ExamenZeusUITests */,
			);
		};
/* End PBXProject section */

/* Begin PBXResourcesBuildPhase section */
		042214FA2895990600242627 /* Resources */ = {
			isa = PBXResourcesBuildPhase;
			buildActionMask = 2147483647;
			files = (
				0422150C2895990800242627 /* LaunchScreen.storyboard in Resources */,
				042215092895990800242627 /* Assets.xcassets in Resources */,
				046B44D02897088B00086270 /* GoogleService-Info.plist in Resources */,
			);
			runOnlyForDeploymentPostprocessing = 0;
		};
		042215102895990800242627 /* Resources */ = {
			isa = PBXResourcesBuildPhase;
			buildActionMask = 2147483647;
			files = (
			);
			runOnlyForDeploymentPostprocessing = 0;
		};
		0422151A2895990800242627 /* Resources */ = {
			isa = PBXResourcesBuildPhase;
			buildActionMask = 2147483647;
			files = (
			);
			runOnlyForDeploymentPostprocessing = 0;
		};
/* End PBXResourcesBuildPhase section */

/* Begin PBXShellScriptBuildPhase section */
		17DC5456C0A28FEFC119619B /* [CP] Check Pods Manifest.lock */ = {
			isa = PBXShellScriptBuildPhase;
			buildActionMask = 2147483647;
			files = (
			);
			inputFileListPaths = (
			);
			inputPaths = (
				"${PODS_PODFILE_DIR_PATH}/Podfile.lock",
				"${PODS_ROOT}/Manifest.lock",
			);
			name = "[CP] Check Pods Manifest.lock";
			outputFileListPaths = (
			);
			outputPaths = (
				"$(DERIVED_FILE_DIR)/Pods-ExamenZeus-checkManifestLockResult.txt",
			);
			runOnlyForDeploymentPostprocessing = 0;
			shellPath = /bin/sh;
			shellScript = "diff \"${PODS_PODFILE_DIR_PATH}/Podfile.lock\" \"${PODS_ROOT}/Manifest.lock\" > /dev/null\nif [ $? != 0 ] ; then\n    # print error to STDERR\n    echo \"error: The sandbox is not in sync with the Podfile.lock. Run 'pod install' or update your CocoaPods installation.\" >&2\n    exit 1\nfi\n# This output is used by Xcode 'outputs' to avoid re-running this script phase.\necho \"SUCCESS\" > \"${SCRIPT_OUTPUT_FILE_0}\"\n";
			showEnvVarsInLog = 0;
		};
		DBBAA88D1DF05F0875F622CE /* [CP] Embed Pods Frameworks */ = {
			isa = PBXShellScriptBuildPhase;
			buildActionMask = 2147483647;
			files = (
			);
			inputFileListPaths = (
				"${PODS_ROOT}/Target Support Files/Pods-ExamenZeus/Pods-ExamenZeus-frameworks-${CONFIGURATION}-input-files.xcfilelist",
			);
			name = "[CP] Embed Pods Frameworks";
			outputFileListPaths = (
				"${PODS_ROOT}/Target Support Files/Pods-ExamenZeus/Pods-ExamenZeus-frameworks-${CONFIGURATION}-output-files.xcfilelist",
			);
			runOnlyForDeploymentPostprocessing = 0;
			shellPath = /bin/sh;
			shellScript = "\"${PODS_ROOT}/Target Support Files/Pods-ExamenZeus/Pods-ExamenZeus-frameworks.sh\"\n";
			showEnvVarsInLog = 0;
		};
/* End PBXShellScriptBuildPhase section */

/* Begin PBXSourcesBuildPhase section */
		042214F82895990600242627 /* Sources */ = {
			isa = PBXSourcesBuildPhase;
			buildActionMask = 2147483647;
			files = (
				0422159D2896175900242627 /* ReportEndpoint.swift in Sources */,
				0422159F28961F9200242627 /* SupervisionViewController.swift in Sources */,
				046B44CA2896522D00086270 /* SupervisionViewModel.swift in Sources */,
				0422159A2896160D00242627 /* Company.swift in Sources */,
				042215962896154600242627 /* Report.swift in Sources */,
				042215892896136E00242627 /* NetworkService.swift in Sources */,
				042215042895990600242627 /* MainViewController.swift in Sources */,
				042215792895C72400242627 /* TypeCell.swift in Sources */,
				04221598289615CA00242627 /* ResultReport.swift in Sources */,
				04221592289614C000242627 /* ReportService.swift in Sources */,
				0422158D289613C900242627 /* Endpoint.swift in Sources */,
				0422158F2896141500242627 /* Result.swift in Sources */,
				04221586289603B600242627 /* ViewController+ShowAlert.swift in Sources */,
				042215722895BED400242627 /* CustomTableViewCell.swift in Sources */,
				042215002895990600242627 /* AppDelegate.swift in Sources */,
				042215842895F43200242627 /* Regex.swift in Sources */,
				0422158B289613A600242627 /* NetworkTaskManager.swift in Sources */,
				042215022895990600242627 /* SceneDelegate.swift in Sources */,
				046B44BE2896455D00086270 /* SupervisionTableViewCell.swift in Sources */,
				0422157F2895D8BF00242627 /* MainViewModelDelegate.swift in Sources */,
				046B44DD28971A5200086270 /* Screen.swift in Sources */,
				0422157C2895D81500242627 /* MainViewModel.swift in Sources */,
				042215942896152F00242627 /* ReportServiceDelegate.swift in Sources */,
				042215812895E94400242627 /* Constants.swift in Sources */,
				046B44CC2896560800086270 /* SupervisionViewModelDelegate.swift in Sources */,
			);
			runOnlyForDeploymentPostprocessing = 0;
		};
		0422150E2895990800242627 /* Sources */ = {
			isa = PBXSourcesBuildPhase;
			buildActionMask = 2147483647;
			files = (
				042215172895990800242627 /* ExamenZeusTests.swift in Sources */,
			);
			runOnlyForDeploymentPostprocessing = 0;
		};
		042215182895990800242627 /* Sources */ = {
			isa = PBXSourcesBuildPhase;
			buildActionMask = 2147483647;
			files = (
				042215212895990800242627 /* ExamenZeusUITests.swift in Sources */,
				042215232895990800242627 /* ExamenZeusUITestsLaunchTests.swift in Sources */,
			);
			runOnlyForDeploymentPostprocessing = 0;
		};
/* End PBXSourcesBuildPhase section */

/* Begin PBXTargetDependency section */
		042215142895990800242627 /* PBXTargetDependency */ = {
			isa = PBXTargetDependency;
			target = 042214FB2895990600242627 /* ExamenZeus */;
			targetProxy = 042215132895990800242627 /* PBXContainerItemProxy */;
		};
		0422151E2895990800242627 /* PBXTargetDependency */ = {
			isa = PBXTargetDependency;
			target = 042214FB2895990600242627 /* ExamenZeus */;
			targetProxy = 0422151D2895990800242627 /* PBXContainerItemProxy */;
		};
/* End PBXTargetDependency section */

/* Begin PBXVariantGroup section */
		0422150A2895990800242627 /* LaunchScreen.storyboard */ = {
			isa = PBXVariantGroup;
			children = (
				0422150B2895990800242627 /* Base */,
			);
			name = LaunchScreen.storyboard;
			sourceTree = "<group>";
		};
/* End PBXVariantGroup section */

/* Begin XCBuildConfiguration section */
		042215242895990800242627 /* Debug */ = {
			isa = XCBuildConfiguration;
			buildSettings = {
				ALWAYS_SEARCH_USER_PATHS = NO;
				CLANG_ANALYZER_NONNULL = YES;
				CLANG_ANALYZER_NUMBER_OBJECT_CONVERSION = YES_AGGRESSIVE;
				CLANG_CXX_LANGUAGE_STANDARD = "gnu++17";
				CLANG_ENABLE_MODULES = YES;
				CLANG_ENABLE_OBJC_ARC = YES;
				CLANG_ENABLE_OBJC_WEAK = YES;
				CLANG_WARN_BLOCK_CAPTURE_AUTORELEASING = YES;
				CLANG_WARN_BOOL_CONVERSION = YES;
				CLANG_WARN_COMMA = YES;
				CLANG_WARN_CONSTANT_CONVERSION = YES;
				CLANG_WARN_DEPRECATED_OBJC_IMPLEMENTATIONS = YES;
				CLANG_WARN_DIRECT_OBJC_ISA_USAGE = YES_ERROR;
				CLANG_WARN_DOCUMENTATION_COMMENTS = YES;
				CLANG_WARN_EMPTY_BODY = YES;
				CLANG_WARN_ENUM_CONVERSION = YES;
				CLANG_WARN_INFINITE_RECURSION = YES;
				CLANG_WARN_INT_CONVERSION = YES;
				CLANG_WARN_NON_LITERAL_NULL_CONVERSION = YES;
				CLANG_WARN_OBJC_IMPLICIT_RETAIN_SELF = YES;
				CLANG_WARN_OBJC_LITERAL_CONVERSION = YES;
				CLANG_WARN_OBJC_ROOT_CLASS = YES_ERROR;
				CLANG_WARN_QUOTED_INCLUDE_IN_FRAMEWORK_HEADER = YES;
				CLANG_WARN_RANGE_LOOP_ANALYSIS = YES;
				CLANG_WARN_STRICT_PROTOTYPES = YES;
				CLANG_WARN_SUSPICIOUS_MOVE = YES;
				CLANG_WARN_UNGUARDED_AVAILABILITY = YES_AGGRESSIVE;
				CLANG_WARN_UNREACHABLE_CODE = YES;
				CLANG_WARN__DUPLICATE_METHOD_MATCH = YES;
				COPY_PHASE_STRIP = NO;
				DEBUG_INFORMATION_FORMAT = dwarf;
				ENABLE_STRICT_OBJC_MSGSEND = YES;
				ENABLE_TESTABILITY = YES;
				GCC_C_LANGUAGE_STANDARD = gnu11;
				GCC_DYNAMIC_NO_PIC = NO;
				GCC_NO_COMMON_BLOCKS = YES;
				GCC_OPTIMIZATION_LEVEL = 0;
				GCC_PREPROCESSOR_DEFINITIONS = (
					"DEBUG=1",
					"$(inherited)",
				);
				GCC_WARN_64_TO_32_BIT_CONVERSION = YES;
				GCC_WARN_ABOUT_RETURN_TYPE = YES_ERROR;
				GCC_WARN_UNDECLARED_SELECTOR = YES;
				GCC_WARN_UNINITIALIZED_AUTOS = YES_AGGRESSIVE;
				GCC_WARN_UNUSED_FUNCTION = YES;
				GCC_WARN_UNUSED_VARIABLE = YES;
				IPHONEOS_DEPLOYMENT_TARGET = 15.5;
				MTL_ENABLE_DEBUG_INFO = INCLUDE_SOURCE;
				MTL_FAST_MATH = YES;
				ONLY_ACTIVE_ARCH = YES;
				SDKROOT = iphoneos;
				SWIFT_ACTIVE_COMPILATION_CONDITIONS = DEBUG;
				SWIFT_OPTIMIZATION_LEVEL = "-Onone";
			};
			name = Debug;
		};
		042215252895990800242627 /* Release */ = {
			isa = XCBuildConfiguration;
			buildSettings = {
				ALWAYS_SEARCH_USER_PATHS = NO;
				CLANG_ANALYZER_NONNULL = YES;
				CLANG_ANALYZER_NUMBER_OBJECT_CONVERSION = YES_AGGRESSIVE;
				CLANG_CXX_LANGUAGE_STANDARD = "gnu++17";
				CLANG_ENABLE_MODULES = YES;
				CLANG_ENABLE_OBJC_ARC = YES;
				CLANG_ENABLE_OBJC_WEAK = YES;
				CLANG_WARN_BLOCK_CAPTURE_AUTORELEASING = YES;
				CLANG_WARN_BOOL_CONVERSION = YES;
				CLANG_WARN_COMMA = YES;
				CLANG_WARN_CONSTANT_CONVERSION = YES;
				CLANG_WARN_DEPRECATED_OBJC_IMPLEMENTATIONS = YES;
				CLANG_WARN_DIRECT_OBJC_ISA_USAGE = YES_ERROR;
				CLANG_WARN_DOCUMENTATION_COMMENTS = YES;
				CLANG_WARN_EMPTY_BODY = YES;
				CLANG_WARN_ENUM_CONVERSION = YES;
				CLANG_WARN_INFINITE_RECURSION = YES;
				CLANG_WARN_INT_CONVERSION = YES;
				CLANG_WARN_NON_LITERAL_NULL_CONVERSION = YES;
				CLANG_WARN_OBJC_IMPLICIT_RETAIN_SELF = YES;
				CLANG_WARN_OBJC_LITERAL_CONVERSION = YES;
				CLANG_WARN_OBJC_ROOT_CLASS = YES_ERROR;
				CLANG_WARN_QUOTED_INCLUDE_IN_FRAMEWORK_HEADER = YES;
				CLANG_WARN_RANGE_LOOP_ANALYSIS = YES;
				CLANG_WARN_STRICT_PROTOTYPES = YES;
				CLANG_WARN_SUSPICIOUS_MOVE = YES;
				CLANG_WARN_UNGUARDED_AVAILABILITY = YES_AGGRESSIVE;
				CLANG_WARN_UNREACHABLE_CODE = YES;
				CLANG_WARN__DUPLICATE_METHOD_MATCH = YES;
				COPY_PHASE_STRIP = NO;
				DEBUG_INFORMATION_FORMAT = "dwarf-with-dsym";
				ENABLE_NS_ASSERTIONS = NO;
				ENABLE_STRICT_OBJC_MSGSEND = YES;
				GCC_C_LANGUAGE_STANDARD = gnu11;
				GCC_NO_COMMON_BLOCKS = YES;
				GCC_WARN_64_TO_32_BIT_CONVERSION = YES;
				GCC_WARN_ABOUT_RETURN_TYPE = YES_ERROR;
				GCC_WARN_UNDECLARED_SELECTOR = YES;
				GCC_WARN_UNINITIALIZED_AUTOS = YES_AGGRESSIVE;
				GCC_WARN_UNUSED_FUNCTION = YES;
				GCC_WARN_UNUSED_VARIABLE = YES;
				IPHONEOS_DEPLOYMENT_TARGET = 15.5;
				MTL_ENABLE_DEBUG_INFO = NO;
				MTL_FAST_MATH = YES;
				SDKROOT = iphoneos;
				SWIFT_COMPILATION_MODE = wholemodule;
				SWIFT_OPTIMIZATION_LEVEL = "-O";
				VALIDATE_PRODUCT = YES;
			};
			name = Release;
		};
		042215272895990800242627 /* Debug */ = {
			isa = XCBuildConfiguration;
			baseConfigurationReference = 14BBF601074CBC77A2D48AE9 /* Pods-ExamenZeus.debug.xcconfig */;
			buildSettings = {
				ASSETCATALOG_COMPILER_APPICON_NAME = AppIcon;
				ASSETCATALOG_COMPILER_GLOBAL_ACCENT_COLOR_NAME = AccentColor;
				CODE_SIGN_STYLE = Automatic;
				CURRENT_PROJECT_VERSION = 1;
				DEVELOPMENT_ASSET_PATHS = ExamenZeus/info.plist;
				GENERATE_INFOPLIST_FILE = YES;
				INFOPLIST_FILE = ExamenZeus/Info.plist;
				INFOPLIST_KEY_UIApplicationSupportsIndirectInputEvents = YES;
				INFOPLIST_KEY_UILaunchStoryboardName = LaunchScreen;
				INFOPLIST_KEY_UISupportedInterfaceOrientations_iPad = "UIInterfaceOrientationPortrait UIInterfaceOrientationPortraitUpsideDown UIInterfaceOrientationLandscapeLeft UIInterfaceOrientationLandscapeRight";
				INFOPLIST_KEY_UISupportedInterfaceOrientations_iPhone = "UIInterfaceOrientationPortrait UIInterfaceOrientationLandscapeLeft UIInterfaceOrientationLandscapeRight";
				LD_RUNPATH_SEARCH_PATHS = (
					"$(inherited)",
					"@executable_path/Frameworks",
				);
				MARKETING_VERSION = 1.0;
				PRODUCT_BUNDLE_IDENTIFIER = carolina.carapia.ExamenZeus;
				PRODUCT_NAME = "$(TARGET_NAME)";
				SWIFT_EMIT_LOC_STRINGS = YES;
				SWIFT_VERSION = 5.0;
				TARGETED_DEVICE_FAMILY = 1;
			};
			name = Debug;
		};
		042215282895990800242627 /* Release */ = {
			isa = XCBuildConfiguration;
			baseConfigurationReference = 11E4657F7307C2B2B0CAE115 /* Pods-ExamenZeus.release.xcconfig */;
			buildSettings = {
				ASSETCATALOG_COMPILER_APPICON_NAME = AppIcon;
				ASSETCATALOG_COMPILER_GLOBAL_ACCENT_COLOR_NAME = AccentColor;
				CODE_SIGN_STYLE = Automatic;
				CURRENT_PROJECT_VERSION = 1;
				DEVELOPMENT_ASSET_PATHS = ExamenZeus/info.plist;
				GENERATE_INFOPLIST_FILE = YES;
				INFOPLIST_FILE = ExamenZeus/Info.plist;
				INFOPLIST_KEY_UIApplicationSupportsIndirectInputEvents = YES;
				INFOPLIST_KEY_UILaunchStoryboardName = LaunchScreen;
				INFOPLIST_KEY_UISupportedInterfaceOrientations_iPad = "UIInterfaceOrientationPortrait UIInterfaceOrientationPortraitUpsideDown UIInterfaceOrientationLandscapeLeft UIInterfaceOrientationLandscapeRight";
				INFOPLIST_KEY_UISupportedInterfaceOrientations_iPhone = "UIInterfaceOrientationPortrait UIInterfaceOrientationLandscapeLeft UIInterfaceOrientationLandscapeRight";
				LD_RUNPATH_SEARCH_PATHS = (
					"$(inherited)",
					"@executable_path/Frameworks",
				);
				MARKETING_VERSION = 1.0;
				PRODUCT_BUNDLE_IDENTIFIER = carolina.carapia.ExamenZeus;
				PRODUCT_NAME = "$(TARGET_NAME)";
				SWIFT_EMIT_LOC_STRINGS = YES;
				SWIFT_VERSION = 5.0;
				TARGETED_DEVICE_FAMILY = 1;
			};
			name = Release;
		};
		0422152A2895990800242627 /* Debug */ = {
			isa = XCBuildConfiguration;
			buildSettings = {
				ALWAYS_EMBED_SWIFT_STANDARD_LIBRARIES = YES;
				BUNDLE_LOADER = "$(TEST_HOST)";
				CODE_SIGN_STYLE = Automatic;
				CURRENT_PROJECT_VERSION = 1;
				GENERATE_INFOPLIST_FILE = YES;
				IPHONEOS_DEPLOYMENT_TARGET = 15.5;
				MARKETING_VERSION = 1.0;
				PRODUCT_BUNDLE_IDENTIFIER = carolina.carapia.ExamenZeusTests;
				PRODUCT_NAME = "$(TARGET_NAME)";
				SWIFT_EMIT_LOC_STRINGS = NO;
				SWIFT_VERSION = 5.0;
				TARGETED_DEVICE_FAMILY = "1,2";
				TEST_HOST = "$(BUILT_PRODUCTS_DIR)/ExamenZeus.app/ExamenZeus";
			};
			name = Debug;
		};
		0422152B2895990800242627 /* Release */ = {
			isa = XCBuildConfiguration;
			buildSettings = {
				ALWAYS_EMBED_SWIFT_STANDARD_LIBRARIES = YES;
				BUNDLE_LOADER = "$(TEST_HOST)";
				CODE_SIGN_STYLE = Automatic;
				CURRENT_PROJECT_VERSION = 1;
				GENERATE_INFOPLIST_FILE = YES;
				IPHONEOS_DEPLOYMENT_TARGET = 15.5;
				MARKETING_VERSION = 1.0;
				PRODUCT_BUNDLE_IDENTIFIER = carolina.carapia.ExamenZeusTests;
				PRODUCT_NAME = "$(TARGET_NAME)";
				SWIFT_EMIT_LOC_STRINGS = NO;
				SWIFT_VERSION = 5.0;
				TARGETED_DEVICE_FAMILY = "1,2";
				TEST_HOST = "$(BUILT_PRODUCTS_DIR)/ExamenZeus.app/ExamenZeus";
			};
			name = Release;
		};
		0422152D2895990800242627 /* Debug */ = {
			isa = XCBuildConfiguration;
			buildSettings = {
				ALWAYS_EMBED_SWIFT_STANDARD_LIBRARIES = YES;
				CODE_SIGN_STYLE = Automatic;
				CURRENT_PROJECT_VERSION = 1;
				GENERATE_INFOPLIST_FILE = YES;
				MARKETING_VERSION = 1.0;
				PRODUCT_BUNDLE_IDENTIFIER = carolina.carapia.ExamenZeusUITests;
				PRODUCT_NAME = "$(TARGET_NAME)";
				SWIFT_EMIT_LOC_STRINGS = NO;
				SWIFT_VERSION = 5.0;
				TARGETED_DEVICE_FAMILY = "1,2";
				TEST_TARGET_NAME = ExamenZeus;
			};
			name = Debug;
		};
		0422152E2895990800242627 /* Release */ = {
			isa = XCBuildConfiguration;
			buildSettings = {
				ALWAYS_EMBED_SWIFT_STANDARD_LIBRARIES = YES;
				CODE_SIGN_STYLE = Automatic;
				CURRENT_PROJECT_VERSION = 1;
				GENERATE_INFOPLIST_FILE = YES;
				MARKETING_VERSION = 1.0;
				PRODUCT_BUNDLE_IDENTIFIER = carolina.carapia.ExamenZeusUITests;
				PRODUCT_NAME = "$(TARGET_NAME)";
				SWIFT_EMIT_LOC_STRINGS = NO;
				SWIFT_VERSION = 5.0;
				TARGETED_DEVICE_FAMILY = "1,2";
				TEST_TARGET_NAME = ExamenZeus;
			};
			name = Release;
		};
/* End XCBuildConfiguration section */

/* Begin XCConfigurationList section */
		042214F72895990600242627 /* Build configuration list for PBXProject "ExamenZeus" */ = {
			isa = XCConfigurationList;
			buildConfigurations = (
				042215242895990800242627 /* Debug */,
				042215252895990800242627 /* Release */,
			);
			defaultConfigurationIsVisible = 0;
			defaultConfigurationName = Release;
		};
		042215262895990800242627 /* Build configuration list for PBXNativeTarget "ExamenZeus" */ = {
			isa = XCConfigurationList;
			buildConfigurations = (
				042215272895990800242627 /* Debug */,
				042215282895990800242627 /* Release */,
			);
			defaultConfigurationIsVisible = 0;
			defaultConfigurationName = Release;
		};
		042215292895990800242627 /* Build configuration list for PBXNativeTarget "ExamenZeusTests" */ = {
			isa = XCConfigurationList;
			buildConfigurations = (
				0422152A2895990800242627 /* Debug */,
				0422152B2895990800242627 /* Release */,
			);
			defaultConfigurationIsVisible = 0;
			defaultConfigurationName = Release;
		};
		0422152C2895990800242627 /* Build configuration list for PBXNativeTarget "ExamenZeusUITests" */ = {
			isa = XCConfigurationList;
			buildConfigurations = (
				0422152D2895990800242627 /* Debug */,
				0422152E2895990800242627 /* Release */,
			);
			defaultConfigurationIsVisible = 0;
			defaultConfigurationName = Release;
		};
/* End XCConfigurationList section */

/* Begin XCRemoteSwiftPackageReference section */
		046B44D128970A8800086270 /* XCRemoteSwiftPackageReference "firebase-ios-sdk" */ = {
			isa = XCRemoteSwiftPackageReference;
			repositoryURL = "https://github.com/firebase/firebase-ios-sdk";
			requirement = {
				kind = upToNextMajorVersion;
				minimumVersion = 9.0.0;
			};
		};
/* End XCRemoteSwiftPackageReference section */

/* Begin XCSwiftPackageProductDependency section */
		046B44D228970A8800086270 /* FirebaseAnalytics */ = {
			isa = XCSwiftPackageProductDependency;
			package = 046B44D128970A8800086270 /* XCRemoteSwiftPackageReference "firebase-ios-sdk" */;
			productName = FirebaseAnalytics;
		};
		046B44D428970A8800086270 /* FirebaseCrashlytics */ = {
			isa = XCSwiftPackageProductDependency;
			package = 046B44D128970A8800086270 /* XCRemoteSwiftPackageReference "firebase-ios-sdk" */;
			productName = FirebaseCrashlytics;
		};
		046B44D628970A8800086270 /* FirebaseDatabase */ = {
			isa = XCSwiftPackageProductDependency;
			package = 046B44D128970A8800086270 /* XCRemoteSwiftPackageReference "firebase-ios-sdk" */;
			productName = FirebaseDatabase;
		};
		046B44D828970A8800086270 /* FirebaseFirestore */ = {
			isa = XCSwiftPackageProductDependency;
			package = 046B44D128970A8800086270 /* XCRemoteSwiftPackageReference "firebase-ios-sdk" */;
			productName = FirebaseFirestore;
		};
		046B44DA28970A8800086270 /* FirebaseStorage */ = {
			isa = XCSwiftPackageProductDependency;
			package = 046B44D128970A8800086270 /* XCRemoteSwiftPackageReference "firebase-ios-sdk" */;
			productName = FirebaseStorage;
		};
/* End XCSwiftPackageProductDependency section */
	};
	rootObject = 042214F42895990600242627 /* Project object */;
}
